// !$*UTF8*$!
{
	archiveVersion = 1;
	classes = {
	};
	objectVersion = 50;
	objects = {

/* Begin PBXBuildFile section */
		7A103B862248D39300266329 /* AppDelegate.swift in Sources */ = {isa = PBXBuildFile; fileRef = 7A103B852248D39300266329 /* AppDelegate.swift */; };
		7A103B882248D39300266329 /* ViewController.swift in Sources */ = {isa = PBXBuildFile; fileRef = 7A103B872248D39300266329 /* ViewController.swift */; };
		7A103B8B2248D39300266329 /* Main.storyboard in Resources */ = {isa = PBXBuildFile; fileRef = 7A103B892248D39300266329 /* Main.storyboard */; };
		7A103B8D2248D39400266329 /* Assets.xcassets in Resources */ = {isa = PBXBuildFile; fileRef = 7A103B8C2248D39400266329 /* Assets.xcassets */; };
		7A103B902248D39400266329 /* LaunchScreen.storyboard in Resources */ = {isa = PBXBuildFile; fileRef = 7A103B8E2248D39400266329 /* LaunchScreen.storyboard */; };
		7A103B9B2248D39400266329 /* MoMentorTests.swift in Sources */ = {isa = PBXBuildFile; fileRef = 7A103B9A2248D39400266329 /* MoMentorTests.swift */; };
		7A103BA62248D39400266329 /* MoMentorUITests.swift in Sources */ = {isa = PBXBuildFile; fileRef = 7A103BA52248D39400266329 /* MoMentorUITests.swift */; };
/* End PBXBuildFile section */

/* Begin PBXContainerItemProxy section */
		7A103B972248D39400266329 /* PBXContainerItemProxy */ = {
			isa = PBXContainerItemProxy;
			containerPortal = 7A103B7A2248D39300266329 /* Project object */;
			proxyType = 1;
			remoteGlobalIDString = 7A103B812248D39300266329;
			remoteInfo = MoMentor;
		};
		7A103BA22248D39400266329 /* PBXContainerItemProxy */ = {
			isa = PBXContainerItemProxy;
			containerPortal = 7A103B7A2248D39300266329 /* Project object */;
			proxyType = 1;
			remoteGlobalIDString = 7A103B812248D39300266329;
			remoteInfo = MoMentor;
		};
/* End PBXContainerItemProxy section */

/* Begin PBXFileReference section */
		7A103B822248D39300266329 /* MoMentor.app */ = {isa = PBXFileReference; explicitFileType = wrapper.application; includeInIndex = 0; path = MoMentor.app; sourceTree = BUILT_PRODUCTS_DIR; };
		7A103B852248D39300266329 /* AppDelegate.swift */ = {isa = PBXFileReference; lastKnownFileType = sourcecode.swift; path = AppDelegate.swift; sourceTree = "<group>"; };
		7A103B872248D39300266329 /* ViewController.swift */ = {isa = PBXFileReference; lastKnownFileType = sourcecode.swift; path = ViewController.swift; sourceTree = "<group>"; };
		7A103B8A2248D39300266329 /* Base */ = {isa = PBXFileReference; lastKnownFileType = file.storyboard; name = Base; path = Base.lproj/Main.storyboard; sourceTree = "<group>"; };
		7A103B8C2248D39400266329 /* Assets.xcassets */ = {isa = PBXFileReference; lastKnownFileType = folder.assetcatalog; path = Assets.xcassets; sourceTree = "<group>"; };
		7A103B8F2248D39400266329 /* Base */ = {isa = PBXFileReference; lastKnownFileType = file.storyboard; name = Base; path = Base.lproj/LaunchScreen.storyboard; sourceTree = "<group>"; };
		7A103B912248D39400266329 /* Info.plist */ = {isa = PBXFileReference; lastKnownFileType = text.plist.xml; path = Info.plist; sourceTree = "<group>"; };
		7A103B962248D39400266329 /* MoMentorTests.xctest */ = {isa = PBXFileReference; explicitFileType = wrapper.cfbundle; includeInIndex = 0; path = MoMentorTests.xctest; sourceTree = BUILT_PRODUCTS_DIR; };
		7A103B9A2248D39400266329 /* MoMentorTests.swift */ = {isa = PBXFileReference; lastKnownFileType = sourcecode.swift; path = MoMentorTests.swift; sourceTree = "<group>"; };
		7A103B9C2248D39400266329 /* Info.plist */ = {isa = PBXFileReference; lastKnownFileType = text.plist.xml; path = Info.plist; sourceTree = "<group>"; };
		7A103BA12248D39400266329 /* MoMentorUITests.xctest */ = {isa = PBXFileReference; explicitFileType = wrapper.cfbundle; includeInIndex = 0; path = MoMentorUITests.xctest; sourceTree = BUILT_PRODUCTS_DIR; };
		7A103BA52248D39400266329 /* MoMentorUITests.swift */ = {isa = PBXFileReference; lastKnownFileType = sourcecode.swift; path = MoMentorUITests.swift; sourceTree = "<group>"; };
		7A103BA72248D39400266329 /* Info.plist */ = {isa = PBXFileReference; lastKnownFileType = text.plist.xml; path = Info.plist; sourceTree = "<group>"; };
/* End PBXFileReference section */

/* Begin PBXFrameworksBuildPhase section */
		7A103B7F2248D39300266329 /* Frameworks */ = {
			isa = PBXFrameworksBuildPhase;
			buildActionMask = 2147483647;
			files = (
			);
			runOnlyForDeploymentPostprocessing = 0;
		};
		7A103B932248D39400266329 /* Frameworks */ = {
			isa = PBXFrameworksBuildPhase;
			buildActionMask = 2147483647;
			files = (
			);
			runOnlyForDeploymentPostprocessing = 0;
		};
		7A103B9E2248D39400266329 /* Frameworks */ = {
			isa = PBXFrameworksBuildPhase;
			buildActionMask = 2147483647;
			files = (
			);
			runOnlyForDeploymentPostprocessing = 0;
		};
/* End PBXFrameworksBuildPhase section */

/* Begin PBXGroup section */
		7A103B792248D39300266329 = {
			isa = PBXGroup;
			children = (
				7A103B842248D39300266329 /* MoMentor */,
				7A103B992248D39400266329 /* MoMentorTests */,
				7A103BA42248D39400266329 /* MoMentorUITests */,
				7A103B832248D39300266329 /* Products */,
			);
			sourceTree = "<group>";
		};
		7A103B832248D39300266329 /* Products */ = {
			isa = PBXGroup;
			children = (
				7A103B822248D39300266329 /* MoMentor.app */,
				7A103B962248D39400266329 /* MoMentorTests.xctest */,
				7A103BA12248D39400266329 /* MoMentorUITests.xctest */,
			);
			name = Products;
			sourceTree = "<group>";
		};
		7A103B842248D39300266329 /* MoMentor */ = {
			isa = PBXGroup;
			children = (
				7A103B852248D39300266329 /* AppDelegate.swift */,
				7A103B872248D39300266329 /* ViewController.swift */,
				7A103B892248D39300266329 /* Main.storyboard */,
				7A103B8C2248D39400266329 /* Assets.xcassets */,
				7A103B8E2248D39400266329 /* LaunchScreen.storyboard */,
				7A103B912248D39400266329 /* Info.plist */,
			);
			path = MoMentor;
			sourceTree = "<group>";
		};
		7A103B992248D39400266329 /* MoMentorTests */ = {
			isa = PBXGroup;
			children = (
				7A103B9A2248D39400266329 /* MoMentorTests.swift */,
				7A103B9C2248D39400266329 /* Info.plist */,
			);
			path = MoMentorTests;
			sourceTree = "<group>";
		};
		7A103BA42248D39400266329 /* MoMentorUITests */ = {
			isa = PBXGroup;
			children = (
				7A103BA52248D39400266329 /* MoMentorUITests.swift */,
				7A103BA72248D39400266329 /* Info.plist */,
			);
			path = MoMentorUITests;
			sourceTree = "<group>";
		};
/* End PBXGroup section */

/* Begin PBXNativeTarget section */
		7A103B812248D39300266329 /* MoMentor */ = {
			isa = PBXNativeTarget;
			buildConfigurationList = 7A103BAA2248D39400266329 /* Build configuration list for PBXNativeTarget "MoMentor" */;
			buildPhases = (
				7A103B7E2248D39300266329 /* Sources */,
				7A103B7F2248D39300266329 /* Frameworks */,
				7A103B802248D39300266329 /* Resources */,
			);
			buildRules = (
			);
			dependencies = (
			);
			name = MoMentor;
			productName = MoMentor;
			productReference = 7A103B822248D39300266329 /* MoMentor.app */;
			productType = "com.apple.product-type.application";
		};
		7A103B952248D39400266329 /* MoMentorTests */ = {
			isa = PBXNativeTarget;
			buildConfigurationList = 7A103BAD2248D39400266329 /* Build configuration list for PBXNativeTarget "MoMentorTests" */;
			buildPhases = (
				7A103B922248D39400266329 /* Sources */,
				7A103B932248D39400266329 /* Frameworks */,
				7A103B942248D39400266329 /* Resources */,
			);
			buildRules = (
			);
			dependencies = (
				7A103B982248D39400266329 /* PBXTargetDependency */,
			);
			name = MoMentorTests;
			productName = MoMentorTests;
			productReference = 7A103B962248D39400266329 /* MoMentorTests.xctest */;
			productType = "com.apple.product-type.bundle.unit-test";
		};
		7A103BA02248D39400266329 /* MoMentorUITests */ = {
			isa = PBXNativeTarget;
			buildConfigurationList = 7A103BB02248D39400266329 /* Build configuration list for PBXNativeTarget "MoMentorUITests" */;
			buildPhases = (
				7A103B9D2248D39400266329 /* Sources */,
				7A103B9E2248D39400266329 /* Frameworks */,
				7A103B9F2248D39400266329 /* Resources */,
			);
			buildRules = (
			);
			dependencies = (
				7A103BA32248D39400266329 /* PBXTargetDependency */,
			);
			name = MoMentorUITests;
			productName = MoMentorUITests;
			productReference = 7A103BA12248D39400266329 /* MoMentorUITests.xctest */;
			productType = "com.apple.product-type.bundle.ui-testing";
		};
/* End PBXNativeTarget section */

/* Begin PBXProject section */
		7A103B7A2248D39300266329 /* Project object */ = {
			isa = PBXProject;
			attributes = {
				LastSwiftUpdateCheck = 1010;
				LastUpgradeCheck = 1010;
				ORGANIZATIONNAME = AppleDeveloperAcademy;
				TargetAttributes = {
					7A103B812248D39300266329 = {
						CreatedOnToolsVersion = 10.1;
					};
					7A103B952248D39400266329 = {
						CreatedOnToolsVersion = 10.1;
						TestTargetID = 7A103B812248D39300266329;
					};
					7A103BA02248D39400266329 = {
						CreatedOnToolsVersion = 10.1;
						TestTargetID = 7A103B812248D39300266329;
					};
				};
			};
			buildConfigurationList = 7A103B7D2248D39300266329 /* Build configuration list for PBXProject "MoMentor" */;
			compatibilityVersion = "Xcode 9.3";
			developmentRegion = en;
			hasScannedForEncodings = 0;
			knownRegions = (
				en,
				Base,
			);
			mainGroup = 7A103B792248D39300266329;
			productRefGroup = 7A103B832248D39300266329 /* Products */;
			projectDirPath = "";
			projectRoot = "";
			targets = (
				7A103B812248D39300266329 /* MoMentor */,
				7A103B952248D39400266329 /* MoMentorTests */,
				7A103BA02248D39400266329 /* MoMentorUITests */,
			);
		};
/* End PBXProject section */

/* Begin PBXResourcesBuildPhase section */
		7A103B802248D39300266329 /* Resources */ = {
			isa = PBXResourcesBuildPhase;
			buildActionMask = 2147483647;
			files = (
				7A103B902248D39400266329 /* LaunchScreen.storyboard in Resources */,
				7A103B8D2248D39400266329 /* Assets.xcassets in Resources */,
				7A103B8B2248D39300266329 /* Main.storyboard in Resources */,
			);
			runOnlyForDeploymentPostprocessing = 0;
		};
		7A103B942248D39400266329 /* Resources */ = {
			isa = PBXResourcesBuildPhase;
			buildActionMask = 2147483647;
			files = (
			);
			runOnlyForDeploymentPostprocessing = 0;
		};
		7A103B9F2248D39400266329 /* Resources */ = {
			isa = PBXResourcesBuildPhase;
			buildActionMask = 2147483647;
			files = (
			);
			runOnlyForDeploymentPostprocessing = 0;
		};
/* End PBXResourcesBuildPhase section */

/* Begin PBXSourcesBuildPhase section */
		7A103B7E2248D39300266329 /* Sources */ = {
			isa = PBXSourcesBuildPhase;
			buildActionMask = 2147483647;
			files = (
				7A103B882248D39300266329 /* ViewController.swift in Sources */,
				7A103B862248D39300266329 /* AppDelegate.swift in Sources */,
			);
			runOnlyForDeploymentPostprocessing = 0;
		};
		7A103B922248D39400266329 /* Sources */ = {
			isa = PBXSourcesBuildPhase;
			buildActionMask = 2147483647;
			files = (
				7A103B9B2248D39400266329 /* MoMentorTests.swift in Sources */,
			);
			runOnlyForDeploymentPostprocessing = 0;
		};
		7A103B9D2248D39400266329 /* Sources */ = {
			isa = PBXSourcesBuildPhase;
			buildActionMask = 2147483647;
			files = (
				7A103BA62248D39400266329 /* MoMentorUITests.swift in Sources */,
			);
			runOnlyForDeploymentPostprocessing = 0;
		};
/* End PBXSourcesBuildPhase section */

/* Begin PBXTargetDependency section */
		7A103B982248D39400266329 /* PBXTargetDependency */ = {
			isa = PBXTargetDependency;
			target = 7A103B812248D39300266329 /* MoMentor */;
			targetProxy = 7A103B972248D39400266329 /* PBXContainerItemProxy */;
		};
		7A103BA32248D39400266329 /* PBXTargetDependency */ = {
			isa = PBXTargetDependency;
			target = 7A103B812248D39300266329 /* MoMentor */;
			targetProxy = 7A103BA22248D39400266329 /* PBXContainerItemProxy */;
		};
/* End PBXTargetDependency section */

/* Begin PBXVariantGroup section */
		7A103B892248D39300266329 /* Main.storyboard */ = {
			isa = PBXVariantGroup;
			children = (
				7A103B8A2248D39300266329 /* Base */,
			);
			name = Main.storyboard;
			sourceTree = "<group>";
		};
		7A103B8E2248D39400266329 /* LaunchScreen.storyboard */ = {
			isa = PBXVariantGroup;
			children = (
				7A103B8F2248D39400266329 /* Base */,
			);
			name = LaunchScreen.storyboard;
			sourceTree = "<group>";
		};
/* End PBXVariantGroup section */

/* Begin XCBuildConfiguration section */
		7A103BA82248D39400266329 /* Debug */ = {
			isa = XCBuildConfiguration;
			buildSettings = {
				ALWAYS_SEARCH_USER_PATHS = NO;
				CLANG_ANALYZER_NONNULL = YES;
				CLANG_ANALYZER_NUMBER_OBJECT_CONVERSION = YES_AGGRESSIVE;
				CLANG_CXX_LANGUAGE_STANDARD = "gnu++14";
				CLANG_CXX_LIBRARY = "libc++";
				CLANG_ENABLE_MODULES = YES;
				CLANG_ENABLE_OBJC_ARC = YES;
				CLANG_ENABLE_OBJC_WEAK = YES;
				CLANG_WARN_BLOCK_CAPTURE_AUTORELEASING = YES;
				CLANG_WARN_BOOL_CONVERSION = YES;
				CLANG_WARN_COMMA = YES;
				CLANG_WARN_CONSTANT_CONVERSION = YES;
				CLANG_WARN_DEPRECATED_OBJC_IMPLEMENTATIONS = YES;
				CLANG_WARN_DIRECT_OBJC_ISA_USAGE = YES_ERROR;
				CLANG_WARN_DOCUMENTATION_COMMENTS = YES;
				CLANG_WARN_EMPTY_BODY = YES;
				CLANG_WARN_ENUM_CONVERSION = YES;
				CLANG_WARN_INFINITE_RECURSION = YES;
				CLANG_WARN_INT_CONVERSION = YES;
				CLANG_WARN_NON_LITERAL_NULL_CONVERSION = YES;
				CLANG_WARN_OBJC_IMPLICIT_RETAIN_SELF = YES;
				CLANG_WARN_OBJC_LITERAL_CONVERSION = YES;
				CLANG_WARN_OBJC_ROOT_CLASS = YES_ERROR;
				CLANG_WARN_RANGE_LOOP_ANALYSIS = YES;
				CLANG_WARN_STRICT_PROTOTYPES = YES;
				CLANG_WARN_SUSPICIOUS_MOVE = YES;
				CLANG_WARN_UNGUARDED_AVAILABILITY = YES_AGGRESSIVE;
				CLANG_WARN_UNREACHABLE_CODE = YES;
				CLANG_WARN__DUPLICATE_METHOD_MATCH = YES;
				CODE_SIGN_IDENTITY = "iPhone Developer";
				COPY_PHASE_STRIP = NO;
				DEBUG_INFORMATION_FORMAT = dwarf;
				ENABLE_STRICT_OBJC_MSGSEND = YES;
				ENABLE_TESTABILITY = YES;
				GCC_C_LANGUAGE_STANDARD = gnu11;
				GCC_DYNAMIC_NO_PIC = NO;
				GCC_NO_COMMON_BLOCKS = YES;
				GCC_OPTIMIZATION_LEVEL = 0;
				GCC_PREPROCESSOR_DEFINITIONS = (
					"DEBUG=1",
					"$(inherited)",
				);
				GCC_WARN_64_TO_32_BIT_CONVERSION = YES;
				GCC_WARN_ABOUT_RETURN_TYPE = YES_ERROR;
				GCC_WARN_UNDECLARED_SELECTOR = YES;
				GCC_WARN_UNINITIALIZED_AUTOS = YES_AGGRESSIVE;
				GCC_WARN_UNUSED_FUNCTION = YES;
				GCC_WARN_UNUSED_VARIABLE = YES;
				IPHONEOS_DEPLOYMENT_TARGET = 12.1;
				MTL_ENABLE_DEBUG_INFO = INCLUDE_SOURCE;
				MTL_FAST_MATH = YES;
				ONLY_ACTIVE_ARCH = YES;
				SDKROOT = iphoneos;
				SWIFT_ACTIVE_COMPILATION_CONDITIONS = DEBUG;
				SWIFT_OPTIMIZATION_LEVEL = "-Onone";
			};
			name = Debug;
		};
		7A103BA92248D39400266329 /* Release */ = {
			isa = XCBuildConfiguration;
			buildSettings = {
				ALWAYS_SEARCH_USER_PATHS = NO;
				CLANG_ANALYZER_NONNULL = YES;
				CLANG_ANALYZER_NUMBER_OBJECT_CONVERSION = YES_AGGRESSIVE;
				CLANG_CXX_LANGUAGE_STANDARD = "gnu++14";
				CLANG_CXX_LIBRARY = "libc++";
				CLANG_ENABLE_MODULES = YES;
				CLANG_ENABLE_OBJC_ARC = YES;
				CLANG_ENABLE_OBJC_WEAK = YES;
				CLANG_WARN_BLOCK_CAPTURE_AUTORELEASING = YES;
				CLANG_WARN_BOOL_CONVERSION = YES;
				CLANG_WARN_COMMA = YES;
				CLANG_WARN_CONSTANT_CONVERSION = YES;
				CLANG_WARN_DEPRECATED_OBJC_IMPLEMENTATIONS = YES;
				CLANG_WARN_DIRECT_OBJC_ISA_USAGE = YES_ERROR;
				CLANG_WARN_DOCUMENTATION_COMMENTS = YES;
				CLANG_WARN_EMPTY_BODY = YES;
				CLANG_WARN_ENUM_CONVERSION = YES;
				CLANG_WARN_INFINITE_RECURSION = YES;
				CLANG_WARN_INT_CONVERSION = YES;
				CLANG_WARN_NON_LITERAL_NULL_CONVERSION = YES;
				CLANG_WARN_OBJC_IMPLICIT_RETAIN_SELF = YES;
				CLANG_WARN_OBJC_LITERAL_CONVERSION = YES;
				CLANG_WARN_OBJC_ROOT_CLASS = YES_ERROR;
				CLANG_WARN_RANGE_LOOP_ANALYSIS = YES;
				CLANG_WARN_STRICT_PROTOTYPES = YES;
				CLANG_WARN_SUSPICIOUS_MOVE = YES;
				CLANG_WARN_UNGUARDED_AVAILABILITY = YES_AGGRESSIVE;
				CLANG_WARN_UNREACHABLE_CODE = YES;
				CLANG_WARN__DUPLICATE_METHOD_MATCH = YES;
				CODE_SIGN_IDENTITY = "iPhone Developer";
				COPY_PHASE_STRIP = NO;
				DEBUG_INFORMATION_FORMAT = "dwarf-with-dsym";
				ENABLE_NS_ASSERTIONS = NO;
				ENABLE_STRICT_OBJC_MSGSEND = YES;
				GCC_C_LANGUAGE_STANDARD = gnu11;
				GCC_NO_COMMON_BLOCKS = YES;
				GCC_WARN_64_TO_32_BIT_CONVERSION = YES;
				GCC_WARN_ABOUT_RETURN_TYPE = YES_ERROR;
				GCC_WARN_UNDECLARED_SELECTOR = YES;
				GCC_WARN_UNINITIALIZED_AUTOS = YES_AGGRESSIVE;
				GCC_WARN_UNUSED_FUNCTION = YES;
				GCC_WARN_UNUSED_VARIABLE = YES;
				IPHONEOS_DEPLOYMENT_TARGET = 12.1;
				MTL_ENABLE_DEBUG_INFO = NO;
				MTL_FAST_MATH = YES;
				SDKROOT = iphoneos;
				SWIFT_COMPILATION_MODE = wholemodule;
				SWIFT_OPTIMIZATION_LEVEL = "-O";
				VALIDATE_PRODUCT = YES;
			};
			name = Release;
		};
		7A103BAB2248D39400266329 /* Debug */ = {
			isa = XCBuildConfiguration;
			buildSettings = {
				ASSETCATALOG_COMPILER_APPICON_NAME = AppIcon;
				CODE_SIGN_STYLE = Automatic;
				DEVELOPMENT_TEAM = 4JCR96YTQT;
				INFOPLIST_FILE = MoMentor/Info.plist;
				LD_RUNPATH_SEARCH_PATHS = (
					"$(inherited)",
					"@executable_path/Frameworks",
				);
				PRODUCT_BUNDLE_IDENTIFIER = AppleDeveloperAcademy.MoMentor;
				PRODUCT_NAME = "$(TARGET_NAME)";
				SWIFT_VERSION = 4.2;
				TARGETED_DEVICE_FAMILY = "1,2";
			};
			name = Debug;
		};
		7A103BAC2248D39400266329 /* Release */ = {
			isa = XCBuildConfiguration;
			buildSettings = {
				ASSETCATALOG_COMPILER_APPICON_NAME = AppIcon;
				CODE_SIGN_STYLE = Automatic;
				DEVELOPMENT_TEAM = 4JCR96YTQT;
				INFOPLIST_FILE = MoMentor/Info.plist;
				LD_RUNPATH_SEARCH_PATHS = (
					"$(inherited)",
					"@executable_path/Frameworks",
				);
				PRODUCT_BUNDLE_IDENTIFIER = AppleDeveloperAcademy.MoMentor;
				PRODUCT_NAME = "$(TARGET_NAME)";
				SWIFT_VERSION = 4.2;
				TARGETED_DEVICE_FAMILY = "1,2";
			};
			name = Release;
		};
		7A103BAE2248D39400266329 /* Debug */ = {
			isa = XCBuildConfiguration;
			buildSettings = {
				ALWAYS_EMBED_SWIFT_STANDARD_LIBRARIES = YES;
				BUNDLE_LOADER = "$(TEST_HOST)";
				CODE_SIGN_STYLE = Automatic;
				DEVELOPMENT_TEAM = 4JCR96YTQT;
				INFOPLIST_FILE = MoMentorTests/Info.plist;
				LD_RUNPATH_SEARCH_PATHS = (
					"$(inherited)",
					"@executable_path/Frameworks",
					"@loader_path/Frameworks",
				);
				PRODUCT_BUNDLE_IDENTIFIER = AppleDeveloperAcademy.MoMentorTests;
				PRODUCT_NAME = "$(TARGET_NAME)";
				SWIFT_VERSION = 4.2;
				TARGETED_DEVICE_FAMILY = "1,2";
				TEST_HOST = "$(BUILT_PRODUCTS_DIR)/MoMentor.app/MoMentor";
			};
			name = Debug;
		};
		7A103BAF2248D39400266329 /* Release */ = {
			isa = XCBuildConfiguration;
			buildSettings = {
				ALWAYS_EMBED_SWIFT_STANDARD_LIBRARIES = YES;
				BUNDLE_LOADER = "$(TEST_HOST)";
				CODE_SIGN_STYLE = Automatic;
				DEVELOPMENT_TEAM = 4JCR96YTQT;
				INFOPLIST_FILE = MoMentorTests/Info.plist;
				LD_RUNPATH_SEARCH_PATHS = (
					"$(inherited)",
					"@executable_path/Frameworks",
					"@loader_path/Frameworks",
				);
				PRODUCT_BUNDLE_IDENTIFIER = AppleDeveloperAcademy.MoMentorTests;
				PRODUCT_NAME = "$(TARGET_NAME)";
				SWIFT_VERSION = 4.2;
				TARGETED_DEVICE_FAMILY = "1,2";
				TEST_HOST = "$(BUILT_PRODUCTS_DIR)/MoMentor.app/MoMentor";
			};
			name = Release;
		};
		7A103BB12248D39400266329 /* Debug */ = {
			isa = XCBuildConfiguration;
			buildSettings = {
				ALWAYS_EMBED_SWIFT_STANDARD_LIBRARIES = YES;
				CODE_SIGN_STYLE = Automatic;
				DEVELOPMENT_TEAM = 4JCR96YTQT;
				INFOPLIST_FILE = MoMentorUITests/Info.plist;
				LD_RUNPATH_SEARCH_PATHS = (
					"$(inherited)",
					"@executable_path/Frameworks",
					"@loader_path/Frameworks",
				);
				PRODUCT_BUNDLE_IDENTIFIER = AppleDeveloperAcademy.MoMentorUITests;
				PRODUCT_NAME = "$(TARGET_NAME)";
				SWIFT_VERSION = 4.2;
				TARGETED_DEVICE_FAMILY = "1,2";
				TEST_TARGET_NAME = MoMentor;
			};
			name = Debug;
		};
		7A103BB22248D39400266329 /* Release */ = {
			isa = XCBuildConfiguration;
			buildSettings = {
				ALWAYS_EMBED_SWIFT_STANDARD_LIBRARIES = YES;
				CODE_SIGN_STYLE = Automatic;
				DEVELOPMENT_TEAM = 4JCR96YTQT;
				INFOPLIST_FILE = MoMentorUITests/Info.plist;
				LD_RUNPATH_SEARCH_PATHS = (
					"$(inherited)",
					"@executable_path/Frameworks",
					"@loader_path/Frameworks",
				);
				PRODUCT_BUNDLE_IDENTIFIER = AppleDeveloperAcademy.MoMentorUITests;
				PRODUCT_NAME = "$(TARGET_NAME)";
				SWIFT_VERSION = 4.2;
				TARGETED_DEVICE_FAMILY = "1,2";
				TEST_TARGET_NAME = MoMentor;
			};
			name = Release;
		};
/* End XCBuildConfiguration section */

/* Begin XCConfigurationList section */
		7A103B7D2248D39300266329 /* Build configuration list for PBXProject "MoMentor" */ = {
			isa = XCConfigurationList;
			buildConfigurations = (
				7A103BA82248D39400266329 /* Debug */,
				7A103BA92248D39400266329 /* Release */,
			);
			defaultConfigurationIsVisible = 0;
			defaultConfigurationName = Release;
		};
		7A103BAA2248D39400266329 /* Build configuration list for PBXNativeTarget "MoMentor" */ = {
			isa = XCConfigurationList;
			buildConfigurations = (
				7A103BAB2248D39400266329 /* Debug */,
				7A103BAC2248D39400266329 /* Release */,
			);
			defaultConfigurationIsVisible = 0;
			defaultConfigurationName = Release;
		};
		7A103BAD2248D39400266329 /* Build configuration list for PBXNativeTarget "MoMentorTests" */ = {
			isa = XCConfigurationList;
			buildConfigurations = (
				7A103BAE2248D39400266329 /* Debug */,
				7A103BAF2248D39400266329 /* Release */,
			);
			defaultConfigurationIsVisible = 0;
			defaultConfigurationName = Release;
		};
		7A103BB02248D39400266329 /* Build configuration list for PBXNativeTarget "MoMentorUITests" */ = {
			isa = XCConfigurationList;
			buildConfigurations = (
				7A103BB12248D39400266329 /* Debug */,
				7A103BB22248D39400266329 /* Release */,
			);
			defaultConfigurationIsVisible = 0;
			defaultConfigurationName = Release;
		};
/* End XCConfigurationList section */
	};
	rootObject = 7A103B7A2248D39300266329 /* Project object */;
}
